
Microsoft Visual Studio Solution File, Format Version 12.00
# Visual Studio Version 16
VisualStudioVersion = 16.0.29613.14
MinimumVisualStudioVersion = 10.0.40219.1
Project("{FAE04EC0-301F-11D3-BF4B-00C04F79EFBC}") = "VectorPaint", "VectorPaint\VectorPaint.csproj", "{76B2B2F3-B2F5-448D-92BF-0DF44DBD7221}"
EndProject
Global
	GlobalSection(SolutionConfigurationPlatforms) = preSolution
		Debug|Any CPU = Debug|Any CPU
		Release|Any CPU = Release|Any CPU
	EndGlobalSection
	GlobalSection(ProjectConfigurationPlatforms) = postSolution
		{76B2B2F3-B2F5-448D-92BF-0DF44DBD7221}.Debug|Any CPU.ActiveCfg = Debug|Any CPU
		{76B2B2F3-B2F5-448D-92BF-0DF44DBD7221}.Debug|Any CPU.Build.0 = Debug|Any CPU
		{76B2B2F3-B2F5-448D-92BF-0DF44DBD7221}.Release|Any CPU.ActiveCfg = Release|Any CPU
		{76B2B2F3-B2F5-448D-92BF-0DF44DBD7221}.Release|Any CPU.Build.0 = Release|Any CPU
	EndGlobalSection
	GlobalSection(SolutionProperties) = preSolution
		HideSolutionNode = FALSE
	EndGlobalSection
	GlobalSection(ExtensibilityGlobals) = postSolution
		SolutionGuid = {8B424493-0561-4265-A5E0-44C88CCCF271}
	EndGlobalSection
EndGlobal
